
Microsoft Visual Studio Solution File, Format Version 12.00
# Visual Studio Version 17
VisualStudioVersion = 17.0.31912.275
MinimumVisualStudioVersion = 10.0.40219.1
Project("{2150E333-8FDC-42A3-9474-1A3956D46DE8}") = "Src", "Src", "{34E37E16-5C68-499C-A6CC-F15D8F7096F8}"
EndProject
Project("{2150E333-8FDC-42A3-9474-1A3956D46DE8}") = "Core", "Core", "{78E355BC-4E73-49F2-BAB2-E7AA32D92926}"
EndProject
Project("{2150E333-8FDC-42A3-9474-1A3956D46DE8}") = "Infrastructures", "Infrastructures", "{D79ED941-DBDB-4105-9E54-D7A9BB7D6E40}"
EndProject
Project("{2150E333-8FDC-42A3-9474-1A3956D46DE8}") = "Presentation", "Presentation", "{BECEFCCB-E962-47FD-B1A4-D6C205CA2525}"
EndProject
Project("{2150E333-8FDC-42A3-9474-1A3956D46DE8}") = "Test", "Test", "{8FF035BA-8588-4AF3-A0F5-ADA5655E09E5}"
EndProject
Project("{FAE04EC0-301F-11D3-BF4B-00C04F79EFBC}") = "Application", "Application\Application.csproj", "{816D7727-B9A2-42EC-BF0F-0A0F7F3FE4C0}"
EndProject
Project("{FAE04EC0-301F-11D3-BF4B-00C04F79EFBC}") = "Domain", "Domain\Domain.csproj", "{679994BF-18F6-44FE-AD50-1671D6194538}"
EndProject
Project("{FAE04EC0-301F-11D3-BF4B-00C04F79EFBC}") = "Persistence", "Persistence\Persistence.csproj", "{293A1E00-40E9-4001-9356-EC8C56427F3D}"
EndProject
Project("{FAE04EC0-301F-11D3-BF4B-00C04F79EFBC}") = "Infrastructure", "Infrastructure\Infrastructure.csproj", "{A65E10FE-B596-4E9B-8419-4F41B37984C9}"
EndProject
Project("{FAE04EC0-301F-11D3-BF4B-00C04F79EFBC}") = "Admin.EndPoint", "Admin.EndPoint\Admin.EndPoint.csproj", "{46E63F7E-B7A0-4B85-839C-B789173EF5E3}"
EndProject
Global
	GlobalSection(SolutionConfigurationPlatforms) = preSolution
		Debug|Any CPU = Debug|Any CPU
		Release|Any CPU = Release|Any CPU
	EndGlobalSection
	GlobalSection(ProjectConfigurationPlatforms) = postSolution
		{816D7727-B9A2-42EC-BF0F-0A0F7F3FE4C0}.Debug|Any CPU.ActiveCfg = Debug|Any CPU
		{816D7727-B9A2-42EC-BF0F-0A0F7F3FE4C0}.Debug|Any CPU.Build.0 = Debug|Any CPU
		{816D7727-B9A2-42EC-BF0F-0A0F7F3FE4C0}.Release|Any CPU.ActiveCfg = Release|Any CPU
		{816D7727-B9A2-42EC-BF0F-0A0F7F3FE4C0}.Release|Any CPU.Build.0 = Release|Any CPU
		{679994BF-18F6-44FE-AD50-1671D6194538}.Debug|Any CPU.ActiveCfg = Debug|Any CPU
		{679994BF-18F6-44FE-AD50-1671D6194538}.Debug|Any CPU.Build.0 = Debug|Any CPU
		{679994BF-18F6-44FE-AD50-1671D6194538}.Release|Any CPU.ActiveCfg = Release|Any CPU
		{679994BF-18F6-44FE-AD50-1671D6194538}.Release|Any CPU.Build.0 = Release|Any CPU
		{293A1E00-40E9-4001-9356-EC8C56427F3D}.Debug|Any CPU.ActiveCfg = Debug|Any CPU
		{293A1E00-40E9-4001-9356-EC8C56427F3D}.Debug|Any CPU.Build.0 = Debug|Any CPU
		{293A1E00-40E9-4001-9356-EC8C56427F3D}.Release|Any CPU.ActiveCfg = Release|Any CPU
		{293A1E00-40E9-4001-9356-EC8C56427F3D}.Release|Any CPU.Build.0 = Release|Any CPU
		{A65E10FE-B596-4E9B-8419-4F41B37984C9}.Debug|Any CPU.ActiveCfg = Debug|Any CPU
		{A65E10FE-B596-4E9B-8419-4F41B37984C9}.Debug|Any CPU.Build.0 = Debug|Any CPU
		{A65E10FE-B596-4E9B-8419-4F41B37984C9}.Release|Any CPU.ActiveCfg = Release|Any CPU
		{A65E10FE-B596-4E9B-8419-4F41B37984C9}.Release|Any CPU.Build.0 = Release|Any CPU
		{46E63F7E-B7A0-4B85-839C-B789173EF5E3}.Debug|Any CPU.ActiveCfg = Debug|Any CPU
		{46E63F7E-B7A0-4B85-839C-B789173EF5E3}.Debug|Any CPU.Build.0 = Debug|Any CPU
		{46E63F7E-B7A0-4B85-839C-B789173EF5E3}.Release|Any CPU.ActiveCfg = Release|Any CPU
		{46E63F7E-B7A0-4B85-839C-B789173EF5E3}.Release|Any CPU.Build.0 = Release|Any CPU
	EndGlobalSection
	GlobalSection(SolutionProperties) = preSolution
		HideSolutionNode = FALSE
	EndGlobalSection
	GlobalSection(NestedProjects) = preSolution
		{78E355BC-4E73-49F2-BAB2-E7AA32D92926} = {34E37E16-5C68-499C-A6CC-F15D8F7096F8}
		{D79ED941-DBDB-4105-9E54-D7A9BB7D6E40} = {34E37E16-5C68-499C-A6CC-F15D8F7096F8}
		{BECEFCCB-E962-47FD-B1A4-D6C205CA2525} = {34E37E16-5C68-499C-A6CC-F15D8F7096F8}
		{816D7727-B9A2-42EC-BF0F-0A0F7F3FE4C0} = {78E355BC-4E73-49F2-BAB2-E7AA32D92926}
		{679994BF-18F6-44FE-AD50-1671D6194538} = {78E355BC-4E73-49F2-BAB2-E7AA32D92926}
		{293A1E00-40E9-4001-9356-EC8C56427F3D} = {D79ED941-DBDB-4105-9E54-D7A9BB7D6E40}
		{A65E10FE-B596-4E9B-8419-4F41B37984C9} = {D79ED941-DBDB-4105-9E54-D7A9BB7D6E40}
		{46E63F7E-B7A0-4B85-839C-B789173EF5E3} = {BECEFCCB-E962-47FD-B1A4-D6C205CA2525}
	EndGlobalSection
	GlobalSection(ExtensibilityGlobals) = postSolution
		SolutionGuid = {43FEB84A-B99A-40D9-80D9-E5B829D50BE3}
	EndGlobalSection
EndGlobal
